
Microsoft Visual Studio Solution File, Format Version 12.00
# Visual Studio Version 17
VisualStudioVersion = 17.0.32428.209
MinimumVisualStudioVersion = 10.0.40219.1
Project("{8BC9CEB8-8B4A-11D0-8D11-00A0C91BC942}") = "lualib", "lualib\lualib.vcxproj", "{B2F0A10A-17F4-40DB-AAAA-41A12B12AA3B}"
EndProject
Project("{8BC9CEB8-8B4A-11D0-8D11-00A0C91BC942}") = "lua", "lua\lua.vcxproj", "{589BC55B-6BDC-4FEF-B494-DA5560BE104F}"
EndProject
Project("{2150E333-8FDC-42A3-9474-1A3956D46DE8}") = "Solution Items", "Solution Items", "{B68D3272-ED60-4F6F-A062-69C7FA4573F1}"
	ProjectSection(SolutionItems) = preProject
		ReadMe.md = ReadMe.md
	EndProjectSection
EndProject
Project("{8BC9CEB8-8B4A-11D0-8D11-00A0C91BC942}") = "first", "first\first.vcxproj", "{124B8815-F55C-4A7E-A36E-C95F24683A14}"
EndProject
Project("{8BC9CEB8-8B4A-11D0-8D11-00A0C91BC942}") = "LuaDll", "LuaDll\LuaDll.vcxproj", "{FC9A3D3C-3F58-439C-94E7-C03E92C659D1}"
EndProject
Project("{8BC9CEB8-8B4A-11D0-8D11-00A0C91BC942}") = "ChangeLuaSrc", "ChangeLuaSrc\ChangeLuaSrc.vcxproj", "{CF456C99-A30C-4567-925E-63E45E5DA1D9}"
EndProject
Project("{8BC9CEB8-8B4A-11D0-8D11-00A0C91BC942}") = "Lua解释器", "Lua解释器\Lua解释器.vcxproj", "{189915A5-6F75-4FD2-BCFC-AF1CF4479942}"
EndProject
Project("{8BC9CEB8-8B4A-11D0-8D11-00A0C91BC942}") = "Lua编译器", "Lua编译器\Lua编译器.vcxproj", "{B718A120-2030-41A2-A3F4-D573ED04E240}"
EndProject
Project("{8BC9CEB8-8B4A-11D0-8D11-00A0C91BC942}") = "LuaDll_", "LuaDll_\LuaDll_.vcxproj", "{1D29CC6B-0C95-40EC-99D3-86BD3E463D7B}"
EndProject
Project("{8BC9CEB8-8B4A-11D0-8D11-00A0C91BC942}") = "LuaLib_", "LuaLib_\LuaLib_.vcxproj", "{FDAF116B-5216-4A72-98D3-7F57BC1E4E6F}"
EndProject
Project("{8BC9CEB8-8B4A-11D0-8D11-00A0C91BC942}") = "MFCTest", "MFCTest\MFCTest.vcxproj", "{E714E3D4-3184-40AE-821C-6409EAF92160}"
EndProject
Project("{8BC9CEB8-8B4A-11D0-8D11-00A0C91BC942}") = "Lua堆栈及初始化", "Lua堆栈及初始化\Lua堆栈及初始化.vcxproj", "{20530E3C-93B0-4421-97A4-CDC1690009F7}"
EndProject
Project("{8BC9CEB8-8B4A-11D0-8D11-00A0C91BC942}") = "LuaCpp", "LuaCpp\LuaCpp.vcxproj", "{76174602-A650-445D-B6B2-B4FE284C4E6F}"
EndProject
Global
	GlobalSection(SolutionConfigurationPlatforms) = preSolution
		Debug|x64 = Debug|x64
		Debug|x86 = Debug|x86
		Release|x64 = Release|x64
		Release|x86 = Release|x86
	EndGlobalSection
	GlobalSection(ProjectConfigurationPlatforms) = postSolution
		{B2F0A10A-17F4-40DB-AAAA-41A12B12AA3B}.Debug|x64.ActiveCfg = Debug|x64
		{B2F0A10A-17F4-40DB-AAAA-41A12B12AA3B}.Debug|x64.Build.0 = Debug|x64
		{B2F0A10A-17F4-40DB-AAAA-41A12B12AA3B}.Debug|x86.ActiveCfg = Debug|Win32
		{B2F0A10A-17F4-40DB-AAAA-41A12B12AA3B}.Debug|x86.Build.0 = Debug|Win32
		{B2F0A10A-17F4-40DB-AAAA-41A12B12AA3B}.Release|x64.ActiveCfg = Release|x64
		{B2F0A10A-17F4-40DB-AAAA-41A12B12AA3B}.Release|x64.Build.0 = Release|x64
		{B2F0A10A-17F4-40DB-AAAA-41A12B12AA3B}.Release|x86.ActiveCfg = Release|Win32
		{B2F0A10A-17F4-40DB-AAAA-41A12B12AA3B}.Release|x86.Build.0 = Release|Win32
		{589BC55B-6BDC-4FEF-B494-DA5560BE104F}.Debug|x64.ActiveCfg = Debug|x64
		{589BC55B-6BDC-4FEF-B494-DA5560BE104F}.Debug|x64.Build.0 = Debug|x64
		{589BC55B-6BDC-4FEF-B494-DA5560BE104F}.Debug|x86.ActiveCfg = Debug|Win32
		{589BC55B-6BDC-4FEF-B494-DA5560BE104F}.Debug|x86.Build.0 = Debug|Win32
		{589BC55B-6BDC-4FEF-B494-DA5560BE104F}.Release|x64.ActiveCfg = Release|x64
		{589BC55B-6BDC-4FEF-B494-DA5560BE104F}.Release|x64.Build.0 = Release|x64
		{589BC55B-6BDC-4FEF-B494-DA5560BE104F}.Release|x86.ActiveCfg = Release|Win32
		{589BC55B-6BDC-4FEF-B494-DA5560BE104F}.Release|x86.Build.0 = Release|Win32
		{124B8815-F55C-4A7E-A36E-C95F24683A14}.Debug|x64.ActiveCfg = Debug|x64
		{124B8815-F55C-4A7E-A36E-C95F24683A14}.Debug|x64.Build.0 = Debug|x64
		{124B8815-F55C-4A7E-A36E-C95F24683A14}.Debug|x86.ActiveCfg = Debug|Win32
		{124B8815-F55C-4A7E-A36E-C95F24683A14}.Debug|x86.Build.0 = Debug|Win32
		{124B8815-F55C-4A7E-A36E-C95F24683A14}.Release|x64.ActiveCfg = Release|x64
		{124B8815-F55C-4A7E-A36E-C95F24683A14}.Release|x64.Build.0 = Release|x64
		{124B8815-F55C-4A7E-A36E-C95F24683A14}.Release|x86.ActiveCfg = Release|Win32
		{124B8815-F55C-4A7E-A36E-C95F24683A14}.Release|x86.Build.0 = Release|Win32
		{FC9A3D3C-3F58-439C-94E7-C03E92C659D1}.Debug|x64.ActiveCfg = Debug|x64
		{FC9A3D3C-3F58-439C-94E7-C03E92C659D1}.Debug|x64.Build.0 = Debug|x64
		{FC9A3D3C-3F58-439C-94E7-C03E92C659D1}.Debug|x86.ActiveCfg = Debug|Win32
		{FC9A3D3C-3F58-439C-94E7-C03E92C659D1}.Debug|x86.Build.0 = Debug|Win32
		{FC9A3D3C-3F58-439C-94E7-C03E92C659D1}.Release|x64.ActiveCfg = Release|x64
		{FC9A3D3C-3F58-439C-94E7-C03E92C659D1}.Release|x64.Build.0 = Release|x64
		{FC9A3D3C-3F58-439C-94E7-C03E92C659D1}.Release|x86.ActiveCfg = Release|Win32
		{FC9A3D3C-3F58-439C-94E7-C03E92C659D1}.Release|x86.Build.0 = Release|Win32
		{CF456C99-A30C-4567-925E-63E45E5DA1D9}.Debug|x64.ActiveCfg = Debug|x64
		{CF456C99-A30C-4567-925E-63E45E5DA1D9}.Debug|x64.Build.0 = Debug|x64
		{CF456C99-A30C-4567-925E-63E45E5DA1D9}.Debug|x86.ActiveCfg = Debug|Win32
		{CF456C99-A30C-4567-925E-63E45E5DA1D9}.Debug|x86.Build.0 = Debug|Win32
		{CF456C99-A30C-4567-925E-63E45E5DA1D9}.Release|x64.ActiveCfg = Release|x64
		{CF456C99-A30C-4567-925E-63E45E5DA1D9}.Release|x64.Build.0 = Release|x64
		{CF456C99-A30C-4567-925E-63E45E5DA1D9}.Release|x86.ActiveCfg = Release|Win32
		{CF456C99-A30C-4567-925E-63E45E5DA1D9}.Release|x86.Build.0 = Release|Win32
		{189915A5-6F75-4FD2-BCFC-AF1CF4479942}.Debug|x64.ActiveCfg = Debug|x64
		{189915A5-6F75-4FD2-BCFC-AF1CF4479942}.Debug|x64.Build.0 = Debug|x64
		{189915A5-6F75-4FD2-BCFC-AF1CF4479942}.Debug|x86.ActiveCfg = Debug|Win32
		{189915A5-6F75-4FD2-BCFC-AF1CF4479942}.Debug|x86.Build.0 = Debug|Win32
		{189915A5-6F75-4FD2-BCFC-AF1CF4479942}.Release|x64.ActiveCfg = Release|x64
		{189915A5-6F75-4FD2-BCFC-AF1CF4479942}.Release|x64.Build.0 = Release|x64
		{189915A5-6F75-4FD2-BCFC-AF1CF4479942}.Release|x86.ActiveCfg = Release|Win32
		{189915A5-6F75-4FD2-BCFC-AF1CF4479942}.Release|x86.Build.0 = Release|Win32
		{B718A120-2030-41A2-A3F4-D573ED04E240}.Debug|x64.ActiveCfg = Debug|x64
		{B718A120-2030-41A2-A3F4-D573ED04E240}.Debug|x64.Build.0 = Debug|x64
		{B718A120-2030-41A2-A3F4-D573ED04E240}.Debug|x86.ActiveCfg = Debug|Win32
		{B718A120-2030-41A2-A3F4-D573ED04E240}.Debug|x86.Build.0 = Debug|Win32
		{B718A120-2030-41A2-A3F4-D573ED04E240}.Release|x64.ActiveCfg = Release|x64
		{B718A120-2030-41A2-A3F4-D573ED04E240}.Release|x64.Build.0 = Release|x64
		{B718A120-2030-41A2-A3F4-D573ED04E240}.Release|x86.ActiveCfg = Release|Win32
		{B718A120-2030-41A2-A3F4-D573ED04E240}.Release|x86.Build.0 = Release|Win32
		{1D29CC6B-0C95-40EC-99D3-86BD3E463D7B}.Debug|x64.ActiveCfg = Debug|x64
		{1D29CC6B-0C95-40EC-99D3-86BD3E463D7B}.Debug|x64.Build.0 = Debug|x64
		{1D29CC6B-0C95-40EC-99D3-86BD3E463D7B}.Debug|x86.ActiveCfg = Debug|Win32
		{1D29CC6B-0C95-40EC-99D3-86BD3E463D7B}.Debug|x86.Build.0 = Debug|Win32
		{1D29CC6B-0C95-40EC-99D3-86BD3E463D7B}.Release|x64.ActiveCfg = Release|x64
		{1D29CC6B-0C95-40EC-99D3-86BD3E463D7B}.Release|x64.Build.0 = Release|x64
		{1D29CC6B-0C95-40EC-99D3-86BD3E463D7B}.Release|x86.ActiveCfg = Release|Win32
		{1D29CC6B-0C95-40EC-99D3-86BD3E463D7B}.Release|x86.Build.0 = Release|Win32
		{FDAF116B-5216-4A72-98D3-7F57BC1E4E6F}.Debug|x64.ActiveCfg = Debug|x64
		{FDAF116B-5216-4A72-98D3-7F57BC1E4E6F}.Debug|x64.Build.0 = Debug|x64
		{FDAF116B-5216-4A72-98D3-7F57BC1E4E6F}.Debug|x86.ActiveCfg = Debug|Win32
		{FDAF116B-5216-4A72-98D3-7F57BC1E4E6F}.Debug|x86.Build.0 = Debug|Win32
		{FDAF116B-5216-4A72-98D3-7F57BC1E4E6F}.Release|x64.ActiveCfg = Release|x64
		{FDAF116B-5216-4A72-98D3-7F57BC1E4E6F}.Release|x64.Build.0 = Release|x64
		{FDAF116B-5216-4A72-98D3-7F57BC1E4E6F}.Release|x86.ActiveCfg = Release|Win32
		{FDAF116B-5216-4A72-98D3-7F57BC1E4E6F}.Release|x86.Build.0 = Release|Win32
		{E714E3D4-3184-40AE-821C-6409EAF92160}.Debug|x64.ActiveCfg = Debug|x64
		{E714E3D4-3184-40AE-821C-6409EAF92160}.Debug|x64.Build.0 = Debug|x64
		{E714E3D4-3184-40AE-821C-6409EAF92160}.Debug|x86.ActiveCfg = Debug|Win32
		{E714E3D4-3184-40AE-821C-6409EAF92160}.Debug|x86.Build.0 = Debug|Win32
		{E714E3D4-3184-40AE-821C-6409EAF92160}.Release|x64.ActiveCfg = Release|x64
		{E714E3D4-3184-40AE-821C-6409EAF92160}.Release|x64.Build.0 = Release|x64
		{E714E3D4-3184-40AE-821C-6409EAF92160}.Release|x86.ActiveCfg = Release|Win32
		{E714E3D4-3184-40AE-821C-6409EAF92160}.Release|x86.Build.0 = Release|Win32
		{20530E3C-93B0-4421-97A4-CDC1690009F7}.Debug|x64.ActiveCfg = Debug|x64
		{20530E3C-93B0-4421-97A4-CDC1690009F7}.Debug|x64.Build.0 = Debug|x64
		{20530E3C-93B0-4421-97A4-CDC1690009F7}.Debug|x86.ActiveCfg = Debug|Win32
		{20530E3C-93B0-4421-97A4-CDC1690009F7}.Debug|x86.Build.0 = Debug|Win32
		{20530E3C-93B0-4421-97A4-CDC1690009F7}.Release|x64.ActiveCfg = Release|x64
		{20530E3C-93B0-4421-97A4-CDC1690009F7}.Release|x64.Build.0 = Release|x64
		{20530E3C-93B0-4421-97A4-CDC1690009F7}.Release|x86.ActiveCfg = Release|Win32
		{20530E3C-93B0-4421-97A4-CDC1690009F7}.Release|x86.Build.0 = Release|Win32
		{76174602-A650-445D-B6B2-B4FE284C4E6F}.Debug|x64.ActiveCfg = Debug|x64
		{76174602-A650-445D-B6B2-B4FE284C4E6F}.Debug|x64.Build.0 = Debug|x64
		{76174602-A650-445D-B6B2-B4FE284C4E6F}.Debug|x86.ActiveCfg = Debug|Win32
		{76174602-A650-445D-B6B2-B4FE284C4E6F}.Debug|x86.Build.0 = Debug|Win32
		{76174602-A650-445D-B6B2-B4FE284C4E6F}.Release|x64.ActiveCfg = Release|x64
		{76174602-A650-445D-B6B2-B4FE284C4E6F}.Release|x64.Build.0 = Release|x64
		{76174602-A650-445D-B6B2-B4FE284C4E6F}.Release|x86.ActiveCfg = Release|Win32
		{76174602-A650-445D-B6B2-B4FE284C4E6F}.Release|x86.Build.0 = Release|Win32
	EndGlobalSection
	GlobalSection(SolutionProperties) = preSolution
		HideSolutionNode = FALSE
	EndGlobalSection
	GlobalSection(ExtensibilityGlobals) = postSolution
		SolutionGuid = {855816AA-3AE2-4814-91E8-9400CF8E06B0}
	EndGlobalSection
EndGlobal
