<?xml version="1.0" encoding="utf-8"?>
<Project ToolsVersion="4.0" xmlns="http://schemas.microsoft.com/developer/msbuild/2003">
  <ItemGroup>
    <Filter Include="Source Files">
      <UniqueIdentifier>{4FC737F1-C7A5-4376-A066-2A32D752A2FF}</UniqueIdentifier>
      <Extensions>cpp;c;cc;cxx;c++;cppm;ixx;def;odl;idl;hpj;bat;asm;asmx</Extensions>
    </Filter>
    <Filter Include="Header Files">
      <UniqueIdentifier>{93995380-89BD-4b04-88EB-625FBE52EBFB}</UniqueIdentifier>
      <Extensions>h;hh;hpp;hxx;h++;hm;inl;inc;ipp;xsd</Extensions>
    </Filter>
    <Filter Include="Resource Files">
      <UniqueIdentifier>{67DA6AB6-F800-4c08-8B7A-83BB121AAD01}</UniqueIdentifier>
      <Extensions>rc;ico;cur;bmp;dlg;rc2;rct;bin;rgs;gif;jpg;jpeg;jpe;resx;tiff;tif;png;wav;mfcribbon-ms</Extensions>
    </Filter>
    <Filter Include="LuaHeader">
      <UniqueIdentifier>{c4dc948d-09e5-423d-a909-a34f392dbaef}</UniqueIdentifier>
    </Filter>
  </ItemGroup>
  <ItemGroup>
    <ClInclude Include="MFCTest.h">
      <Filter>Header Files</Filter>
    </ClInclude>
    <ClInclude Include="MFCTestDlg.h">
      <Filter>Header Files</Filter>
    </ClInclude>
    <ClInclude Include="framework.h">
      <Filter>Header Files</Filter>
    </ClInclude>
    <ClInclude Include="targetver.h">
      <Filter>Header Files</Filter>
    </ClInclude>
    <ClInclude Include="Resource.h">
      <Filter>Header Files</Filter>
    </ClInclude>
    <ClInclude Include="pch.h">
      <Filter>Header Files</Filter>
    </ClInclude>
    <ClInclude Include="include\lapi.h">
      <Filter>LuaHeader</Filter>
    </ClInclude>
    <ClInclude Include="include\lauxlib.h">
      <Filter>LuaHeader</Filter>
    </ClInclude>
    <ClInclude Include="include\lcode.h">
      <Filter>LuaHeader</Filter>
    </ClInclude>
    <ClInclude Include="include\lctype.h">
      <Filter>LuaHeader</Filter>
    </ClInclude>
    <ClInclude Include="include\ldebug.h">
      <Filter>LuaHeader</Filter>
    </ClInclude>
    <ClInclude Include="include\ldo.h">
      <Filter>LuaHeader</Filter>
    </ClInclude>
    <ClInclude Include="include\lfunc.h">
      <Filter>LuaHeader</Filter>
    </ClInclude>
    <ClInclude Include="include\lgc.h">
      <Filter>LuaHeader</Filter>
    </ClInclude>
    <ClInclude Include="include\ljumptab.h">
      <Filter>LuaHeader</Filter>
    </ClInclude>
    <ClInclude Include="include\llex.h">
      <Filter>LuaHeader</Filter>
    </ClInclude>
    <ClInclude Include="include\llimits.h">
      <Filter>LuaHeader</Filter>
    </ClInclude>
    <ClInclude Include="include\lmem.h">
      <Filter>LuaHeader</Filter>
    </ClInclude>
    <ClInclude Include="include\lobject.h">
      <Filter>LuaHeader</Filter>
    </ClInclude>
    <ClInclude Include="include\lopcodes.h">
      <Filter>LuaHeader</Filter>
    </ClInclude>
    <ClInclude Include="include\lopnames.h">
      <Filter>LuaHeader</Filter>
    </ClInclude>
    <ClInclude Include="include\lparser.h">
      <Filter>LuaHeader</Filter>
    </ClInclude>
    <ClInclude Include="include\lprefix.h">
      <Filter>LuaHeader</Filter>
    </ClInclude>
    <ClInclude Include="include\lstate.h">
      <Filter>LuaHeader</Filter>
    </ClInclude>
    <ClInclude Include="include\lstring.h">
      <Filter>LuaHeader</Filter>
    </ClInclude>
    <ClInclude Include="include\ltable.h">
      <Filter>LuaHeader</Filter>
    </ClInclude>
    <ClInclude Include="include\ltm.h">
      <Filter>LuaHeader</Filter>
    </ClInclude>
    <ClInclude Include="include\lua.h">
      <Filter>LuaHeader</Filter>
    </ClInclude>
    <ClInclude Include="include\lua.hpp">
      <Filter>LuaHeader</Filter>
    </ClInclude>
    <ClInclude Include="include\luaconf.h">
      <Filter>LuaHeader</Filter>
    </ClInclude>
    <ClInclude Include="include\lualib.h">
      <Filter>LuaHeader</Filter>
    </ClInclude>
    <ClInclude Include="include\lundump.h">
      <Filter>LuaHeader</Filter>
    </ClInclude>
    <ClInclude Include="include\lvm.h">
      <Filter>LuaHeader</Filter>
    </ClInclude>
    <ClInclude Include="include\lzio.h">
      <Filter>LuaHeader</Filter>
    </ClInclude>
  </ItemGroup>
  <ItemGroup>
    <ClCompile Include="MFCTest.cpp">
      <Filter>Source Files</Filter>
    </ClCompile>
    <ClCompile Include="MFCTestDlg.cpp">
      <Filter>Source Files</Filter>
    </ClCompile>
    <ClCompile Include="pch.cpp">
      <Filter>Source Files</Filter>
    </ClCompile>
  </ItemGroup>
  <ItemGroup>
    <ResourceCompile Include="MFCTest.rc">
      <Filter>Resource Files</Filter>
    </ResourceCompile>
  </ItemGroup>
  <ItemGroup>
    <None Include="res\MFCTest.rc2">
      <Filter>Resource Files</Filter>
    </None>
  </ItemGroup>
  <ItemGroup>
    <Image Include="res\MFCTest.ico">
      <Filter>Resource Files</Filter>
    </Image>
  </ItemGroup>
</Project>