<?xml version="1.0" encoding="utf-8"?>
<Project ToolsVersion="4.0" xmlns="http://schemas.microsoft.com/developer/msbuild/2003">
  <ItemGroup>
    <Filter Include="Source Files">
      <UniqueIdentifier>{4FC737F1-C7A5-4376-A066-2A32D752A2FF}</UniqueIdentifier>
      <Extensions>cpp;c;cc;cxx;c++;cppm;ixx;def;odl;idl;hpj;bat;asm;asmx</Extensions>
    </Filter>
    <Filter Include="Header Files">
      <UniqueIdentifier>{93995380-89BD-4b04-88EB-625FBE52EBFB}</UniqueIdentifier>
      <Extensions>h;hh;hpp;hxx;h++;hm;inl;inc;ipp;xsd</Extensions>
    </Filter>
    <Filter Include="Resource Files">
      <UniqueIdentifier>{67DA6AB6-F800-4c08-8B7A-83BB121AAD01}</UniqueIdentifier>
      <Extensions>rc;ico;cur;bmp;dlg;rc2;rct;bin;rgs;gif;jpg;jpeg;jpe;resx;tiff;tif;png;wav;mfcribbon-ms</Extensions>
    </Filter>
    <Filter Include="LuaSrc">
      <UniqueIdentifier>{546ee5cc-9866-4c1f-9108-9e517af694cc}</UniqueIdentifier>
    </Filter>
  </ItemGroup>
  <ItemGroup>
    <ClCompile Include="src\lapi.c">
      <Filter>LuaSrc</Filter>
    </ClCompile>
    <ClCompile Include="src\lauxlib.c">
      <Filter>LuaSrc</Filter>
    </ClCompile>
    <ClCompile Include="src\lbaselib.c">
      <Filter>LuaSrc</Filter>
    </ClCompile>
    <ClCompile Include="src\lcode.c">
      <Filter>LuaSrc</Filter>
    </ClCompile>
    <ClCompile Include="src\lcorolib.c">
      <Filter>LuaSrc</Filter>
    </ClCompile>
    <ClCompile Include="src\lctype.c">
      <Filter>LuaSrc</Filter>
    </ClCompile>
    <ClCompile Include="src\ldblib.c">
      <Filter>LuaSrc</Filter>
    </ClCompile>
    <ClCompile Include="src\ldebug.c">
      <Filter>LuaSrc</Filter>
    </ClCompile>
    <ClCompile Include="src\ldo.c">
      <Filter>LuaSrc</Filter>
    </ClCompile>
    <ClCompile Include="src\ldump.c">
      <Filter>LuaSrc</Filter>
    </ClCompile>
    <ClCompile Include="src\lfunc.c">
      <Filter>LuaSrc</Filter>
    </ClCompile>
    <ClCompile Include="src\lgc.c">
      <Filter>LuaSrc</Filter>
    </ClCompile>
    <ClCompile Include="src\linit.c">
      <Filter>LuaSrc</Filter>
    </ClCompile>
    <ClCompile Include="src\liolib.c">
      <Filter>LuaSrc</Filter>
    </ClCompile>
    <ClCompile Include="src\llex.c">
      <Filter>LuaSrc</Filter>
    </ClCompile>
    <ClCompile Include="src\lmathlib.c">
      <Filter>LuaSrc</Filter>
    </ClCompile>
    <ClCompile Include="src\lmem.c">
      <Filter>LuaSrc</Filter>
    </ClCompile>
    <ClCompile Include="src\loadlib.c">
      <Filter>LuaSrc</Filter>
    </ClCompile>
    <ClCompile Include="src\lobject.c">
      <Filter>LuaSrc</Filter>
    </ClCompile>
    <ClCompile Include="src\lopcodes.c">
      <Filter>LuaSrc</Filter>
    </ClCompile>
    <ClCompile Include="src\loslib.c">
      <Filter>LuaSrc</Filter>
    </ClCompile>
    <ClCompile Include="src\lparser.c">
      <Filter>LuaSrc</Filter>
    </ClCompile>
    <ClCompile Include="src\lstate.c">
      <Filter>LuaSrc</Filter>
    </ClCompile>
    <ClCompile Include="src\lstring.c">
      <Filter>LuaSrc</Filter>
    </ClCompile>
    <ClCompile Include="src\lstrlib.c">
      <Filter>LuaSrc</Filter>
    </ClCompile>
    <ClCompile Include="src\ltable.c">
      <Filter>LuaSrc</Filter>
    </ClCompile>
    <ClCompile Include="src\ltablib.c">
      <Filter>LuaSrc</Filter>
    </ClCompile>
    <ClCompile Include="src\ltm.c">
      <Filter>LuaSrc</Filter>
    </ClCompile>
    <ClCompile Include="src\luac.c">
      <Filter>LuaSrc</Filter>
    </ClCompile>
    <ClCompile Include="src\lundump.c">
      <Filter>LuaSrc</Filter>
    </ClCompile>
    <ClCompile Include="src\lutf8lib.c">
      <Filter>LuaSrc</Filter>
    </ClCompile>
    <ClCompile Include="src\lvm.c">
      <Filter>LuaSrc</Filter>
    </ClCompile>
    <ClCompile Include="src\lzio.c">
      <Filter>LuaSrc</Filter>
    </ClCompile>
  </ItemGroup>
  <ItemGroup>
    <ClInclude Include="src\lapi.h">
      <Filter>LuaSrc</Filter>
    </ClInclude>
    <ClInclude Include="src\lauxlib.h">
      <Filter>LuaSrc</Filter>
    </ClInclude>
    <ClInclude Include="src\lcode.h">
      <Filter>LuaSrc</Filter>
    </ClInclude>
    <ClInclude Include="src\lctype.h">
      <Filter>LuaSrc</Filter>
    </ClInclude>
    <ClInclude Include="src\ldebug.h">
      <Filter>LuaSrc</Filter>
    </ClInclude>
    <ClInclude Include="src\ldo.h">
      <Filter>LuaSrc</Filter>
    </ClInclude>
    <ClInclude Include="src\lfunc.h">
      <Filter>LuaSrc</Filter>
    </ClInclude>
    <ClInclude Include="src\lgc.h">
      <Filter>LuaSrc</Filter>
    </ClInclude>
    <ClInclude Include="src\ljumptab.h">
      <Filter>LuaSrc</Filter>
    </ClInclude>
    <ClInclude Include="src\llex.h">
      <Filter>LuaSrc</Filter>
    </ClInclude>
    <ClInclude Include="src\llimits.h">
      <Filter>LuaSrc</Filter>
    </ClInclude>
    <ClInclude Include="src\lmem.h">
      <Filter>LuaSrc</Filter>
    </ClInclude>
    <ClInclude Include="src\lobject.h">
      <Filter>LuaSrc</Filter>
    </ClInclude>
    <ClInclude Include="src\lopcodes.h">
      <Filter>LuaSrc</Filter>
    </ClInclude>
    <ClInclude Include="src\lopnames.h">
      <Filter>LuaSrc</Filter>
    </ClInclude>
    <ClInclude Include="src\lparser.h">
      <Filter>LuaSrc</Filter>
    </ClInclude>
    <ClInclude Include="src\lprefix.h">
      <Filter>LuaSrc</Filter>
    </ClInclude>
    <ClInclude Include="src\lstate.h">
      <Filter>LuaSrc</Filter>
    </ClInclude>
    <ClInclude Include="src\lstring.h">
      <Filter>LuaSrc</Filter>
    </ClInclude>
    <ClInclude Include="src\ltable.h">
      <Filter>LuaSrc</Filter>
    </ClInclude>
    <ClInclude Include="src\ltm.h">
      <Filter>LuaSrc</Filter>
    </ClInclude>
    <ClInclude Include="src\lua.h">
      <Filter>LuaSrc</Filter>
    </ClInclude>
    <ClInclude Include="src\lua.hpp">
      <Filter>LuaSrc</Filter>
    </ClInclude>
    <ClInclude Include="src\luaconf.h">
      <Filter>LuaSrc</Filter>
    </ClInclude>
    <ClInclude Include="src\lualib.h">
      <Filter>LuaSrc</Filter>
    </ClInclude>
    <ClInclude Include="src\lundump.h">
      <Filter>LuaSrc</Filter>
    </ClInclude>
    <ClInclude Include="src\lvm.h">
      <Filter>LuaSrc</Filter>
    </ClInclude>
    <ClInclude Include="src\lzio.h">
      <Filter>LuaSrc</Filter>
    </ClInclude>
  </ItemGroup>
  <ItemGroup>
    <None Include="ReamMe.md" />
  </ItemGroup>
</Project>